
Microsoft Visual Studio Solution File, Format Version 12.00
# Visual Studio Version 16
VisualStudioVersion = 16.0.33130.400
MinimumVisualStudioVersion = 10.0.40219.1
Project("{FAE04EC0-301F-11D3-BF4B-00C04F79EFBC}") = "AI_Developer", "AI_Developer\AI_Developer.csproj", "{040BE5A4-B26B-46F4-9ECB-0E64CFA50FAC}"
EndProject
Global
	GlobalSection(SolutionConfigurationPlatforms) = preSolution
		Debug|Any CPU = Debug|Any CPU
		Release|Any CPU = Release|Any CPU
	EndGlobalSection
	GlobalSection(ProjectConfigurationPlatforms) = postSolution
		{040BE5A4-B26B-46F4-9ECB-0E64CFA50FAC}.Debug|Any CPU.ActiveCfg = Debug|Any CPU
		{040BE5A4-B26B-46F4-9ECB-0E64CFA50FAC}.Debug|Any CPU.Build.0 = Debug|Any CPU
		{040BE5A4-B26B-46F4-9ECB-0E64CFA50FAC}.Release|Any CPU.ActiveCfg = Release|Any CPU
		{040BE5A4-B26B-46F4-9ECB-0E64CFA50FAC}.Release|Any CPU.Build.0 = Release|Any CPU
	EndGlobalSection
	GlobalSection(SolutionProperties) = preSolution
		HideSolutionNode = FALSE
	EndGlobalSection
	GlobalSection(ExtensibilityGlobals) = postSolution
		SolutionGuid = {349A5F6A-5432-4DE9-AA80-C8B869B2C402}
	EndGlobalSection
EndGlobal
